
Microsoft Visual Studio Solution File, Format Version 11.00
# Visual Studio 2010
Project("{FAE04EC0-301F-11D3-BF4B-00C04F79EFBC}") = "VRBuilder.Core", "VRBuilder.Core.csproj", "{66a0b1f3-cf81-3cf0-3425-9f1b574cf419}"
EndProject
Project("{FAE04EC0-301F-11D3-BF4B-00C04F79EFBC}") = "VRBuilder.BasicInteraction", "VRBuilder.BasicInteraction.csproj", "{aa9c24dc-578a-9dfd-711e-ac656d3a89c0}"
EndProject
Project("{FAE04EC0-301F-11D3-BF4B-00C04F79EFBC}") = "Assembly-CSharp", "Assembly-CSharp.csproj", "{67f1ea2d-f2c6-acb0-c6d4-2894db08097f}"
EndProject
Project("{FAE04EC0-301F-11D3-BF4B-00C04F79EFBC}") = "VRBuilder.XRInteraction", "VRBuilder.XRInteraction.csproj", "{d44cc30b-d9a8-a9a8-4fad-de052607ff2c}"
EndProject
Project("{FAE04EC0-301F-11D3-BF4B-00C04F79EFBC}") = "VRBuilder.BasicUI", "VRBuilder.BasicUI.csproj", "{3442e6e5-3e78-7522-9836-3349f806618c}"
EndProject
Project("{FAE04EC0-301F-11D3-BF4B-00C04F79EFBC}") = "VRBuilder.TextToSpeech", "VRBuilder.TextToSpeech.csproj", "{94f06710-9284-c608-c169-27dff158de1e}"
EndProject
Project("{FAE04EC0-301F-11D3-BF4B-00C04F79EFBC}") = "VRBuilder.Editor", "VRBuilder.Editor.csproj", "{204f6c09-9c15-0640-3e7f-9ff55fd0bfd1}"
EndProject
Project("{FAE04EC0-301F-11D3-BF4B-00C04F79EFBC}") = "VRBuilder.Editor.TestTools", "VRBuilder.Editor.TestTools.csproj", "{8a8bb893-74e9-ad87-b70a-9b2857c9b2ab}"
EndProject
Project("{FAE04EC0-301F-11D3-BF4B-00C04F79EFBC}") = "VRBuilder.Editor.XRInteraction", "VRBuilder.Editor.XRInteraction.csproj", "{7d539250-8921-d520-ea05-8643a38c6b21}"
EndProject
Project("{FAE04EC0-301F-11D3-BF4B-00C04F79EFBC}") = "VRBuilder.Editor.BasicUI", "VRBuilder.Editor.BasicUI.csproj", "{8d7a1b43-cc56-70e4-ab8e-96e581792f6d}"
EndProject
Project("{FAE04EC0-301F-11D3-BF4B-00C04F79EFBC}") = "VRBuilder.Editor.PackageManager", "VRBuilder.Editor.PackageManager.csproj", "{679797a6-c64c-1ad9-4f62-f55a99dfa3df}"
EndProject
Project("{FAE04EC0-301F-11D3-BF4B-00C04F79EFBC}") = "VRBuilder.Editor.BasicInteraction", "VRBuilder.Editor.BasicInteraction.csproj", "{54de8a2b-320c-de01-c6c6-8b736a8ee239}"
EndProject
Project("{FAE04EC0-301F-11D3-BF4B-00C04F79EFBC}") = "VRBuilder.Editor.DemoScene", "VRBuilder.Editor.DemoScene.csproj", "{b4d71891-4ca7-d881-026a-5294a99edaa2}"
EndProject
Project("{FAE04EC0-301F-11D3-BF4B-00C04F79EFBC}") = "VRBuilder.Editor.TextToSpeech", "VRBuilder.Editor.TextToSpeech.csproj", "{eba31b83-eaed-ced0-8bfc-5c8c51cb2036}"
EndProject
Project("{FAE04EC0-301F-11D3-BF4B-00C04F79EFBC}") = "VRBuilder.Editor.PackageManager.XRInteraction", "VRBuilder.Editor.PackageManager.XRInteraction.csproj", "{f048e494-7661-8cb0-7bd3-d9751d99ef33}"
EndProject
Global
	GlobalSection(SolutionConfigurationPlatforms) = preSolution
		Debug|Any CPU = Debug|Any CPU
	EndGlobalSection
	GlobalSection(ProjectConfigurationPlatforms) = postSolution
		{66a0b1f3-cf81-3cf0-3425-9f1b574cf419}.Debug|Any CPU.ActiveCfg = Debug|Any CPU
		{66a0b1f3-cf81-3cf0-3425-9f1b574cf419}.Debug|Any CPU.Build.0 = Debug|Any CPU
		{aa9c24dc-578a-9dfd-711e-ac656d3a89c0}.Debug|Any CPU.ActiveCfg = Debug|Any CPU
		{aa9c24dc-578a-9dfd-711e-ac656d3a89c0}.Debug|Any CPU.Build.0 = Debug|Any CPU
		{67f1ea2d-f2c6-acb0-c6d4-2894db08097f}.Debug|Any CPU.ActiveCfg = Debug|Any CPU
		{67f1ea2d-f2c6-acb0-c6d4-2894db08097f}.Debug|Any CPU.Build.0 = Debug|Any CPU
		{d44cc30b-d9a8-a9a8-4fad-de052607ff2c}.Debug|Any CPU.ActiveCfg = Debug|Any CPU
		{d44cc30b-d9a8-a9a8-4fad-de052607ff2c}.Debug|Any CPU.Build.0 = Debug|Any CPU
		{3442e6e5-3e78-7522-9836-3349f806618c}.Debug|Any CPU.ActiveCfg = Debug|Any CPU
		{3442e6e5-3e78-7522-9836-3349f806618c}.Debug|Any CPU.Build.0 = Debug|Any CPU
		{94f06710-9284-c608-c169-27dff158de1e}.Debug|Any CPU.ActiveCfg = Debug|Any CPU
		{94f06710-9284-c608-c169-27dff158de1e}.Debug|Any CPU.Build.0 = Debug|Any CPU
		{204f6c09-9c15-0640-3e7f-9ff55fd0bfd1}.Debug|Any CPU.ActiveCfg = Debug|Any CPU
		{204f6c09-9c15-0640-3e7f-9ff55fd0bfd1}.Debug|Any CPU.Build.0 = Debug|Any CPU
		{8a8bb893-74e9-ad87-b70a-9b2857c9b2ab}.Debug|Any CPU.ActiveCfg = Debug|Any CPU
		{8a8bb893-74e9-ad87-b70a-9b2857c9b2ab}.Debug|Any CPU.Build.0 = Debug|Any CPU
		{7d539250-8921-d520-ea05-8643a38c6b21}.Debug|Any CPU.ActiveCfg = Debug|Any CPU
		{7d539250-8921-d520-ea05-8643a38c6b21}.Debug|Any CPU.Build.0 = Debug|Any CPU
		{8d7a1b43-cc56-70e4-ab8e-96e581792f6d}.Debug|Any CPU.ActiveCfg = Debug|Any CPU
		{8d7a1b43-cc56-70e4-ab8e-96e581792f6d}.Debug|Any CPU.Build.0 = Debug|Any CPU
		{679797a6-c64c-1ad9-4f62-f55a99dfa3df}.Debug|Any CPU.ActiveCfg = Debug|Any CPU
		{679797a6-c64c-1ad9-4f62-f55a99dfa3df}.Debug|Any CPU.Build.0 = Debug|Any CPU
		{54de8a2b-320c-de01-c6c6-8b736a8ee239}.Debug|Any CPU.ActiveCfg = Debug|Any CPU
		{54de8a2b-320c-de01-c6c6-8b736a8ee239}.Debug|Any CPU.Build.0 = Debug|Any CPU
		{b4d71891-4ca7-d881-026a-5294a99edaa2}.Debug|Any CPU.ActiveCfg = Debug|Any CPU
		{b4d71891-4ca7-d881-026a-5294a99edaa2}.Debug|Any CPU.Build.0 = Debug|Any CPU
		{eba31b83-eaed-ced0-8bfc-5c8c51cb2036}.Debug|Any CPU.ActiveCfg = Debug|Any CPU
		{eba31b83-eaed-ced0-8bfc-5c8c51cb2036}.Debug|Any CPU.Build.0 = Debug|Any CPU
		{f048e494-7661-8cb0-7bd3-d9751d99ef33}.Debug|Any CPU.ActiveCfg = Debug|Any CPU
		{f048e494-7661-8cb0-7bd3-d9751d99ef33}.Debug|Any CPU.Build.0 = Debug|Any CPU
	EndGlobalSection
	GlobalSection(SolutionProperties) = preSolution
		HideSolutionNode = FALSE
	EndGlobalSection
EndGlobal
