
Microsoft Visual Studio Solution File, Format Version 11.00
# Visual Studio 2010
Project("{FAE04EC0-301F-11D3-BF4B-00C04F79EFBC}") = "VRBuilder.Core", "VRBuilder.Core.csproj", "{33e6e98f-5b3a-335c-e486-31a1bdf1b62c}"
EndProject
Project("{FAE04EC0-301F-11D3-BF4B-00C04F79EFBC}") = "VRBuilder.BasicInteraction", "VRBuilder.BasicInteraction.csproj", "{4e505ba3-788d-21de-eea4-b0d0758b4238}"
EndProject
Project("{FAE04EC0-301F-11D3-BF4B-00C04F79EFBC}") = "Assembly-CSharp", "Assembly-CSharp.csproj", "{48d1ed46-e54a-91c5-5ec3-132255823a4b}"
EndProject
Project("{FAE04EC0-301F-11D3-BF4B-00C04F79EFBC}") = "VRBuilder.XRInteraction", "VRBuilder.XRInteraction.csproj", "{9a048668-8d08-e1ef-294d-dd6ddc925cb5}"
EndProject
Project("{FAE04EC0-301F-11D3-BF4B-00C04F79EFBC}") = "VRBuilder.BasicUI", "VRBuilder.BasicUI.csproj", "{72caa7b3-3eed-cb6f-9d55-8efd4d9d7130}"
EndProject
Project("{FAE04EC0-301F-11D3-BF4B-00C04F79EFBC}") = "VRBuilder.TextToSpeech", "VRBuilder.TextToSpeech.csproj", "{2626e97e-c4f5-aee0-2fff-853a9c57cfc8}"
EndProject
Project("{FAE04EC0-301F-11D3-BF4B-00C04F79EFBC}") = "VRBuilder.Editor", "VRBuilder.Editor.csproj", "{4f37566a-8dc4-7f5c-cf9f-0adc2781b2ce}"
EndProject
Project("{FAE04EC0-301F-11D3-BF4B-00C04F79EFBC}") = "VRBuilder.Editor.TestTools", "VRBuilder.Editor.TestTools.csproj", "{3dec801c-6550-eff0-968c-a0e167c7fdde}"
EndProject
Project("{FAE04EC0-301F-11D3-BF4B-00C04F79EFBC}") = "VRBuilder.Editor.XRInteraction", "VRBuilder.Editor.XRInteraction.csproj", "{cd2e47ac-0960-811e-d11e-14fbde0d12e1}"
EndProject
Project("{FAE04EC0-301F-11D3-BF4B-00C04F79EFBC}") = "VRBuilder.Editor.BasicUI", "VRBuilder.Editor.BasicUI.csproj", "{ad50a3d8-76a2-d145-c656-2d219ac99b82}"
EndProject
Project("{FAE04EC0-301F-11D3-BF4B-00C04F79EFBC}") = "VRBuilder.Editor.PackageManager", "VRBuilder.Editor.PackageManager.csproj", "{a0bc27b4-0c78-6fbc-12e5-c856eb07f817}"
EndProject
Project("{FAE04EC0-301F-11D3-BF4B-00C04F79EFBC}") = "VRBuilder.Editor.BasicInteraction", "VRBuilder.Editor.BasicInteraction.csproj", "{18c25120-3a95-68d3-9f1a-4cf7363d8c9d}"
EndProject
Project("{FAE04EC0-301F-11D3-BF4B-00C04F79EFBC}") = "VRBuilder.Editor.DemoScene", "VRBuilder.Editor.DemoScene.csproj", "{6e636e13-2a46-9afd-00ab-76ada4d2ec47}"
EndProject
Project("{FAE04EC0-301F-11D3-BF4B-00C04F79EFBC}") = "VRBuilder.Editor.TextToSpeech", "VRBuilder.Editor.TextToSpeech.csproj", "{7174f658-eb27-563a-775f-52f0e67ae755}"
EndProject
Project("{FAE04EC0-301F-11D3-BF4B-00C04F79EFBC}") = "VRBuilder.Editor.PackageManager.XRInteraction", "VRBuilder.Editor.PackageManager.XRInteraction.csproj", "{c36f28bf-93d9-ae1c-8f3a-cd13c70934ea}"
EndProject
Global
	GlobalSection(SolutionConfigurationPlatforms) = preSolution
		Debug|Any CPU = Debug|Any CPU
	EndGlobalSection
	GlobalSection(ProjectConfigurationPlatforms) = postSolution
		{33e6e98f-5b3a-335c-e486-31a1bdf1b62c}.Debug|Any CPU.ActiveCfg = Debug|Any CPU
		{33e6e98f-5b3a-335c-e486-31a1bdf1b62c}.Debug|Any CPU.Build.0 = Debug|Any CPU
		{4e505ba3-788d-21de-eea4-b0d0758b4238}.Debug|Any CPU.ActiveCfg = Debug|Any CPU
		{4e505ba3-788d-21de-eea4-b0d0758b4238}.Debug|Any CPU.Build.0 = Debug|Any CPU
		{48d1ed46-e54a-91c5-5ec3-132255823a4b}.Debug|Any CPU.ActiveCfg = Debug|Any CPU
		{48d1ed46-e54a-91c5-5ec3-132255823a4b}.Debug|Any CPU.Build.0 = Debug|Any CPU
		{9a048668-8d08-e1ef-294d-dd6ddc925cb5}.Debug|Any CPU.ActiveCfg = Debug|Any CPU
		{9a048668-8d08-e1ef-294d-dd6ddc925cb5}.Debug|Any CPU.Build.0 = Debug|Any CPU
		{72caa7b3-3eed-cb6f-9d55-8efd4d9d7130}.Debug|Any CPU.ActiveCfg = Debug|Any CPU
		{72caa7b3-3eed-cb6f-9d55-8efd4d9d7130}.Debug|Any CPU.Build.0 = Debug|Any CPU
		{2626e97e-c4f5-aee0-2fff-853a9c57cfc8}.Debug|Any CPU.ActiveCfg = Debug|Any CPU
		{2626e97e-c4f5-aee0-2fff-853a9c57cfc8}.Debug|Any CPU.Build.0 = Debug|Any CPU
		{4f37566a-8dc4-7f5c-cf9f-0adc2781b2ce}.Debug|Any CPU.ActiveCfg = Debug|Any CPU
		{4f37566a-8dc4-7f5c-cf9f-0adc2781b2ce}.Debug|Any CPU.Build.0 = Debug|Any CPU
		{3dec801c-6550-eff0-968c-a0e167c7fdde}.Debug|Any CPU.ActiveCfg = Debug|Any CPU
		{3dec801c-6550-eff0-968c-a0e167c7fdde}.Debug|Any CPU.Build.0 = Debug|Any CPU
		{cd2e47ac-0960-811e-d11e-14fbde0d12e1}.Debug|Any CPU.ActiveCfg = Debug|Any CPU
		{cd2e47ac-0960-811e-d11e-14fbde0d12e1}.Debug|Any CPU.Build.0 = Debug|Any CPU
		{ad50a3d8-76a2-d145-c656-2d219ac99b82}.Debug|Any CPU.ActiveCfg = Debug|Any CPU
		{ad50a3d8-76a2-d145-c656-2d219ac99b82}.Debug|Any CPU.Build.0 = Debug|Any CPU
		{a0bc27b4-0c78-6fbc-12e5-c856eb07f817}.Debug|Any CPU.ActiveCfg = Debug|Any CPU
		{a0bc27b4-0c78-6fbc-12e5-c856eb07f817}.Debug|Any CPU.Build.0 = Debug|Any CPU
		{18c25120-3a95-68d3-9f1a-4cf7363d8c9d}.Debug|Any CPU.ActiveCfg = Debug|Any CPU
		{18c25120-3a95-68d3-9f1a-4cf7363d8c9d}.Debug|Any CPU.Build.0 = Debug|Any CPU
		{6e636e13-2a46-9afd-00ab-76ada4d2ec47}.Debug|Any CPU.ActiveCfg = Debug|Any CPU
		{6e636e13-2a46-9afd-00ab-76ada4d2ec47}.Debug|Any CPU.Build.0 = Debug|Any CPU
		{7174f658-eb27-563a-775f-52f0e67ae755}.Debug|Any CPU.ActiveCfg = Debug|Any CPU
		{7174f658-eb27-563a-775f-52f0e67ae755}.Debug|Any CPU.Build.0 = Debug|Any CPU
		{c36f28bf-93d9-ae1c-8f3a-cd13c70934ea}.Debug|Any CPU.ActiveCfg = Debug|Any CPU
		{c36f28bf-93d9-ae1c-8f3a-cd13c70934ea}.Debug|Any CPU.Build.0 = Debug|Any CPU
	EndGlobalSection
	GlobalSection(SolutionProperties) = preSolution
		HideSolutionNode = FALSE
	EndGlobalSection
EndGlobal
